
Microsoft Visual Studio Solution File, Format Version 12.00
# Visual Studio 15
VisualStudioVersion = 15.0.27703.2018
MinimumVisualStudioVersion = 10.0.40219.1
Project("{8BC9CEB8-8B4A-11D0-8D11-00A0C91BC942}") = "amUtilities", "amUtilities\amUtilities.vcxproj", "{6C371892-A904-4B38-A5CF-D700D1541CF0}"
EndProject
Project("{8BC9CEB8-8B4A-11D0-8D11-00A0C91BC942}") = "amUtilities_UnitTest", "amUtilities_UnitTest\amUtilities_UnitTest.vcxproj", "{8C955701-378C-4700-BF12-72008F3AB239}"
	ProjectSection(ProjectDependencies) = postProject
		{6C371892-A904-4B38-A5CF-D700D1541CF0} = {6C371892-A904-4B38-A5CF-D700D1541CF0}
	EndProjectSection
EndProject
Project("{8BC9CEB8-8B4A-11D0-8D11-00A0C91BC942}") = "amGraphicsDX", "amGraphicsDX\amGraphicsDX.vcxproj", "{BBB77A57-17A4-4C4E-BF83-EB12C303641C}"
	ProjectSection(ProjectDependencies) = postProject
		{42CCE801-0641-4EC5-945A-80515C462C79} = {42CCE801-0641-4EC5-945A-80515C462C79}
		{6C371892-A904-4B38-A5CF-D700D1541CF0} = {6C371892-A904-4B38-A5CF-D700D1541CF0}
	EndProjectSection
EndProject
Project("{8BC9CEB8-8B4A-11D0-8D11-00A0C91BC942}") = "amGraphicsDX_UnitTest", "amGraphicsDX_UnitTest\amGraphicsDX_UnitTest.vcxproj", "{52E0E1AC-4B4C-4457-8AF6-454BCD79446A}"
	ProjectSection(ProjectDependencies) = postProject
		{42CCE801-0641-4EC5-945A-80515C462C79} = {42CCE801-0641-4EC5-945A-80515C462C79}
		{BBB77A57-17A4-4C4E-BF83-EB12C303641C} = {BBB77A57-17A4-4C4E-BF83-EB12C303641C}
		{6C371892-A904-4B38-A5CF-D700D1541CF0} = {6C371892-A904-4B38-A5CF-D700D1541CF0}
	EndProjectSection
EndProject
Project("{8BC9CEB8-8B4A-11D0-8D11-00A0C91BC942}") = "amCore", "amCore\amCore.vcxproj", "{42CCE801-0641-4EC5-945A-80515C462C79}"
	ProjectSection(ProjectDependencies) = postProject
		{6C371892-A904-4B38-A5CF-D700D1541CF0} = {6C371892-A904-4B38-A5CF-D700D1541CF0}
	EndProjectSection
EndProject
Project("{8BC9CEB8-8B4A-11D0-8D11-00A0C91BC942}") = "amInputManager", "amInputManager\amInputManager.vcxproj", "{8646285A-C1D5-43CB-910A-AA3B81D5229B}"
	ProjectSection(ProjectDependencies) = postProject
		{42CCE801-0641-4EC5-945A-80515C462C79} = {42CCE801-0641-4EC5-945A-80515C462C79}
		{6C371892-A904-4B38-A5CF-D700D1541CF0} = {6C371892-A904-4B38-A5CF-D700D1541CF0}
	EndProjectSection
EndProject
Global
	GlobalSection(SolutionConfigurationPlatforms) = preSolution
		Debug|x64 = Debug|x64
		Debug|x86 = Debug|x86
		Release|x64 = Release|x64
		Release|x86 = Release|x86
	EndGlobalSection
	GlobalSection(ProjectConfigurationPlatforms) = postSolution
		{6C371892-A904-4B38-A5CF-D700D1541CF0}.Debug|x64.ActiveCfg = Debug|x64
		{6C371892-A904-4B38-A5CF-D700D1541CF0}.Debug|x64.Build.0 = Debug|x64
		{6C371892-A904-4B38-A5CF-D700D1541CF0}.Debug|x86.ActiveCfg = Debug|Win32
		{6C371892-A904-4B38-A5CF-D700D1541CF0}.Debug|x86.Build.0 = Debug|Win32
		{6C371892-A904-4B38-A5CF-D700D1541CF0}.Release|x64.ActiveCfg = Release|x64
		{6C371892-A904-4B38-A5CF-D700D1541CF0}.Release|x64.Build.0 = Release|x64
		{6C371892-A904-4B38-A5CF-D700D1541CF0}.Release|x86.ActiveCfg = Release|Win32
		{6C371892-A904-4B38-A5CF-D700D1541CF0}.Release|x86.Build.0 = Release|Win32
		{8C955701-378C-4700-BF12-72008F3AB239}.Debug|x64.ActiveCfg = Debug|x64
		{8C955701-378C-4700-BF12-72008F3AB239}.Debug|x64.Build.0 = Debug|x64
		{8C955701-378C-4700-BF12-72008F3AB239}.Debug|x86.ActiveCfg = Debug|Win32
		{8C955701-378C-4700-BF12-72008F3AB239}.Debug|x86.Build.0 = Debug|Win32
		{8C955701-378C-4700-BF12-72008F3AB239}.Release|x64.ActiveCfg = Release|x64
		{8C955701-378C-4700-BF12-72008F3AB239}.Release|x64.Build.0 = Release|x64
		{8C955701-378C-4700-BF12-72008F3AB239}.Release|x86.ActiveCfg = Release|Win32
		{8C955701-378C-4700-BF12-72008F3AB239}.Release|x86.Build.0 = Release|Win32
		{BBB77A57-17A4-4C4E-BF83-EB12C303641C}.Debug|x64.ActiveCfg = Debug|x64
		{BBB77A57-17A4-4C4E-BF83-EB12C303641C}.Debug|x64.Build.0 = Debug|x64
		{BBB77A57-17A4-4C4E-BF83-EB12C303641C}.Debug|x86.ActiveCfg = Debug|Win32
		{BBB77A57-17A4-4C4E-BF83-EB12C303641C}.Debug|x86.Build.0 = Debug|Win32
		{BBB77A57-17A4-4C4E-BF83-EB12C303641C}.Release|x64.ActiveCfg = Release|x64
		{BBB77A57-17A4-4C4E-BF83-EB12C303641C}.Release|x64.Build.0 = Release|x64
		{BBB77A57-17A4-4C4E-BF83-EB12C303641C}.Release|x86.ActiveCfg = Release|Win32
		{BBB77A57-17A4-4C4E-BF83-EB12C303641C}.Release|x86.Build.0 = Release|Win32
		{52E0E1AC-4B4C-4457-8AF6-454BCD79446A}.Debug|x64.ActiveCfg = Debug|x64
		{52E0E1AC-4B4C-4457-8AF6-454BCD79446A}.Debug|x64.Build.0 = Debug|x64
		{52E0E1AC-4B4C-4457-8AF6-454BCD79446A}.Debug|x86.ActiveCfg = Debug|Win32
		{52E0E1AC-4B4C-4457-8AF6-454BCD79446A}.Debug|x86.Build.0 = Debug|Win32
		{52E0E1AC-4B4C-4457-8AF6-454BCD79446A}.Release|x64.ActiveCfg = Release|x64
		{52E0E1AC-4B4C-4457-8AF6-454BCD79446A}.Release|x64.Build.0 = Release|x64
		{52E0E1AC-4B4C-4457-8AF6-454BCD79446A}.Release|x86.ActiveCfg = Release|Win32
		{52E0E1AC-4B4C-4457-8AF6-454BCD79446A}.Release|x86.Build.0 = Release|Win32
		{42CCE801-0641-4EC5-945A-80515C462C79}.Debug|x64.ActiveCfg = Debug|x64
		{42CCE801-0641-4EC5-945A-80515C462C79}.Debug|x64.Build.0 = Debug|x64
		{42CCE801-0641-4EC5-945A-80515C462C79}.Debug|x86.ActiveCfg = Debug|Win32
		{42CCE801-0641-4EC5-945A-80515C462C79}.Debug|x86.Build.0 = Debug|Win32
		{42CCE801-0641-4EC5-945A-80515C462C79}.Release|x64.ActiveCfg = Release|x64
		{42CCE801-0641-4EC5-945A-80515C462C79}.Release|x64.Build.0 = Release|x64
		{42CCE801-0641-4EC5-945A-80515C462C79}.Release|x86.ActiveCfg = Release|Win32
		{42CCE801-0641-4EC5-945A-80515C462C79}.Release|x86.Build.0 = Release|Win32
		{8646285A-C1D5-43CB-910A-AA3B81D5229B}.Debug|x64.ActiveCfg = Debug|x64
		{8646285A-C1D5-43CB-910A-AA3B81D5229B}.Debug|x64.Build.0 = Debug|x64
		{8646285A-C1D5-43CB-910A-AA3B81D5229B}.Debug|x86.ActiveCfg = Debug|Win32
		{8646285A-C1D5-43CB-910A-AA3B81D5229B}.Debug|x86.Build.0 = Debug|Win32
		{8646285A-C1D5-43CB-910A-AA3B81D5229B}.Release|x64.ActiveCfg = Release|x64
		{8646285A-C1D5-43CB-910A-AA3B81D5229B}.Release|x64.Build.0 = Release|x64
		{8646285A-C1D5-43CB-910A-AA3B81D5229B}.Release|x86.ActiveCfg = Release|Win32
		{8646285A-C1D5-43CB-910A-AA3B81D5229B}.Release|x86.Build.0 = Release|Win32
	EndGlobalSection
	GlobalSection(SolutionProperties) = preSolution
		HideSolutionNode = FALSE
	EndGlobalSection
	GlobalSection(ExtensibilityGlobals) = postSolution
		SolutionGuid = {7314F652-869B-4E5B-A224-D019D0C53ED1}
	EndGlobalSection
EndGlobal
