<?xml version="1.0" encoding="utf-8"?>
<Project ToolsVersion="4.0" xmlns="http://schemas.microsoft.com/developer/msbuild/2003">
  <ItemGroup>
    <Filter Include="Source Files">
      <UniqueIdentifier>{4FC737F1-C7A5-4376-A066-2A32D752A2FF}</UniqueIdentifier>
      <Extensions>cpp;c;cc;cxx;def;odl;idl;hpj;bat;asm;asmx</Extensions>
    </Filter>
    <Filter Include="Source Files\Prerequisites">
      <UniqueIdentifier>{12f2d60b-280b-4506-a38d-56e8d1898396}</UniqueIdentifier>
    </Filter>
    <Filter Include="Source Files\Math">
      <UniqueIdentifier>{58b1af74-8fb5-4c44-8c0b-200cafd3b0ed}</UniqueIdentifier>
    </Filter>
    <Filter Include="Source Files\Math\Obj2D">
      <UniqueIdentifier>{50e9ac05-aedd-4154-80aa-6ae4e0f95f79}</UniqueIdentifier>
    </Filter>
    <Filter Include="Source Files\Math\Obj3D">
      <UniqueIdentifier>{0e48f38e-0971-404a-8f60-6d607027ef7c}</UniqueIdentifier>
    </Filter>
  </ItemGroup>
  <ItemGroup>
    <ClCompile Include="Source\amBox2D.cpp">
      <Filter>Source Files\Math\Obj2D</Filter>
    </ClCompile>
    <ClCompile Include="Source\amCircle2D.cpp">
      <Filter>Source Files\Math\Obj2D</Filter>
    </ClCompile>
    <ClCompile Include="Source\amLine2D.cpp">
      <Filter>Source Files\Math\Obj2D</Filter>
    </ClCompile>
    <ClCompile Include="Source\amVector2.cpp">
      <Filter>Source Files\Math\Obj2D</Filter>
    </ClCompile>
    <ClCompile Include="Source\amAABB.cpp">
      <Filter>Source Files\Math\Obj3D</Filter>
    </ClCompile>
    <ClCompile Include="Source\amCapsule.cpp">
      <Filter>Source Files\Math\Obj3D</Filter>
    </ClCompile>
    <ClCompile Include="Source\amFrustrum.cpp">
      <Filter>Source Files\Math\Obj3D</Filter>
    </ClCompile>
    <ClCompile Include="Source\amOOBB.cpp">
      <Filter>Source Files\Math\Obj3D</Filter>
    </ClCompile>
    <ClCompile Include="Source\amPlane.cpp">
      <Filter>Source Files\Math\Obj3D</Filter>
    </ClCompile>
    <ClCompile Include="Source\amQuaternion.cpp">
      <Filter>Source Files\Math\Obj3D</Filter>
    </ClCompile>
    <ClCompile Include="Source\amRay.cpp">
      <Filter>Source Files\Math\Obj3D</Filter>
    </ClCompile>
    <ClCompile Include="Source\amSphere.cpp">
      <Filter>Source Files\Math\Obj3D</Filter>
    </ClCompile>
    <ClCompile Include="Source\amTriangle.cpp">
      <Filter>Source Files\Math\Obj3D</Filter>
    </ClCompile>
    <ClCompile Include="Source\amVector3.cpp">
      <Filter>Source Files\Math\Obj3D</Filter>
    </ClCompile>
    <ClCompile Include="Source\amMatix4x4.cpp">
      <Filter>Source Files\Math\Obj3D</Filter>
    </ClCompile>
    <ClCompile Include="Source\amBox.cpp">
      <Filter>Source Files\Math\Obj3D</Filter>
    </ClCompile>
    <ClCompile Include="Source\amVector4.cpp">
      <Filter>Source Files\Math\Obj3D</Filter>
    </ClCompile>
  </ItemGroup>
  <ItemGroup>
    <ClInclude Include="Include\amMath.h">
      <Filter>Source Files\Math</Filter>
    </ClInclude>
    <ClInclude Include="Include\amPlatformDefines.h">
      <Filter>Source Files\Prerequisites</Filter>
    </ClInclude>
    <ClInclude Include="Include\amPlatformTypes.h">
      <Filter>Source Files\Prerequisites</Filter>
    </ClInclude>
    <ClInclude Include="Include\amStdHeaders.h">
      <Filter>Source Files\Prerequisites</Filter>
    </ClInclude>
    <ClInclude Include="Include\amFwdDeclUtilities.h">
      <Filter>Source Files\Prerequisites</Filter>
    </ClInclude>
    <ClInclude Include="Include\amPrerequisitesUtilities.h">
      <Filter>Source Files\Prerequisites</Filter>
    </ClInclude>
    <ClInclude Include="Include\amAABB.h">
      <Filter>Source Files\Math\Obj3D</Filter>
    </ClInclude>
    <ClInclude Include="Include\amCapsule.h">
      <Filter>Source Files\Math\Obj3D</Filter>
    </ClInclude>
    <ClInclude Include="Include\amFrustrum.h">
      <Filter>Source Files\Math\Obj3D</Filter>
    </ClInclude>
    <ClInclude Include="Include\amOOBB.h">
      <Filter>Source Files\Math\Obj3D</Filter>
    </ClInclude>
    <ClInclude Include="Include\amPlane.h">
      <Filter>Source Files\Math\Obj3D</Filter>
    </ClInclude>
    <ClInclude Include="Include\amQuaternion.h">
      <Filter>Source Files\Math\Obj3D</Filter>
    </ClInclude>
    <ClInclude Include="Include\amRay.h">
      <Filter>Source Files\Math\Obj3D</Filter>
    </ClInclude>
    <ClInclude Include="Include\amSphere.h">
      <Filter>Source Files\Math\Obj3D</Filter>
    </ClInclude>
    <ClInclude Include="Include\amTriangle.h">
      <Filter>Source Files\Math\Obj3D</Filter>
    </ClInclude>
    <ClInclude Include="Include\amVector3.h">
      <Filter>Source Files\Math\Obj3D</Filter>
    </ClInclude>
    <ClInclude Include="Include\amBox2D.h">
      <Filter>Source Files\Math\Obj2D</Filter>
    </ClInclude>
    <ClInclude Include="Include\amCircle2D.h">
      <Filter>Source Files\Math\Obj2D</Filter>
    </ClInclude>
    <ClInclude Include="Include\amLine2D.h">
      <Filter>Source Files\Math\Obj2D</Filter>
    </ClInclude>
    <ClInclude Include="Include\amVector2.h">
      <Filter>Source Files\Math\Obj2D</Filter>
    </ClInclude>
    <ClInclude Include="Include\amMatix4x4.h">
      <Filter>Source Files\Math\Obj3D</Filter>
    </ClInclude>
    <ClInclude Include="Include\amBox.h">
      <Filter>Source Files\Math\Obj3D</Filter>
    </ClInclude>
    <ClInclude Include="Include\amVector4.h">
      <Filter>Source Files\Math\Obj3D</Filter>
    </ClInclude>
  </ItemGroup>
</Project>