<?xml version="1.0" encoding="utf-8"?>
<Project ToolsVersion="4.0" xmlns="http://schemas.microsoft.com/developer/msbuild/2003">
  <ItemGroup>
    <Filter Include="Source Files">
      <UniqueIdentifier>{4FC737F1-C7A5-4376-A066-2A32D752A2FF}</UniqueIdentifier>
      <Extensions>cpp;c;cc;cxx;def;odl;idl;hpj;bat;asm;asmx</Extensions>
    </Filter>
    <Filter Include="Source Files\Buffers">
      <UniqueIdentifier>{3fe1bdec-34d0-484c-9100-208991c9ea9b}</UniqueIdentifier>
    </Filter>
    <Filter Include="Source Files\Shaders">
      <UniqueIdentifier>{f5c9e29b-d48c-468b-a175-1e9a34b3af6c}</UniqueIdentifier>
    </Filter>
    <Filter Include="Source Files\Core">
      <UniqueIdentifier>{24f44b95-ac71-4389-b23b-7f96dded5e91}</UniqueIdentifier>
    </Filter>
    <Filter Include="Source Files\Resource classes">
      <UniqueIdentifier>{0038e947-316f-4389-bc24-8ebcce69d93f}</UniqueIdentifier>
    </Filter>
    <Filter Include="Source Files\API classes">
      <UniqueIdentifier>{f10bd961-c7c2-40f7-a0aa-5f3d5a436b42}</UniqueIdentifier>
    </Filter>
    <Filter Include="Source Files\Renderer classes">
      <UniqueIdentifier>{dc1ffbfc-a582-40d8-9db9-700406f2a01f}</UniqueIdentifier>
    </Filter>
    <Filter Include="Source Files\Core\Components">
      <UniqueIdentifier>{f3323f50-7194-48ca-ab5e-698b037a4ae8}</UniqueIdentifier>
    </Filter>
    <Filter Include="Source Files\Renderer classes\Render Passes">
      <UniqueIdentifier>{ef049fb0-e71c-4bb9-b7fe-37c298d86e3e}</UniqueIdentifier>
    </Filter>
    <Filter Include="Source Files\Shader Resources">
      <UniqueIdentifier>{e52d49de-687b-4f4b-a037-b8c848b0f59e}</UniqueIdentifier>
    </Filter>
    <Filter Include="Source Files\Imgui">
      <UniqueIdentifier>{a8e0bfa0-7509-4f00-bcda-83a9a631ec7b}</UniqueIdentifier>
    </Filter>
    <Filter Include="Source Files\Core\Core management">
      <UniqueIdentifier>{f1fa8724-c1e7-4b70-94d1-095f9d8c3f54}</UniqueIdentifier>
    </Filter>
  </ItemGroup>
  <ItemGroup>
    <ClCompile Include="Source\amComputeShader.cpp">
      <Filter>Source Files\Shaders</Filter>
    </ClCompile>
    <ClCompile Include="Source\amGeomShader.cpp">
      <Filter>Source Files\Shaders</Filter>
    </ClCompile>
    <ClCompile Include="Source\amPixelShader.cpp">
      <Filter>Source Files\Shaders</Filter>
    </ClCompile>
    <ClCompile Include="Source\amShader.cpp">
      <Filter>Source Files\Shaders</Filter>
    </ClCompile>
    <ClCompile Include="Source\amTextureShader.cpp">
      <Filter>Source Files\Shaders</Filter>
    </ClCompile>
    <ClCompile Include="Source\amVertexShader.cpp">
      <Filter>Source Files\Shaders</Filter>
    </ClCompile>
    <ClCompile Include="Source\amConstantBuffer.cpp">
      <Filter>Source Files\Buffers</Filter>
    </ClCompile>
    <ClCompile Include="Source\amGraphicsBuffer.cpp">
      <Filter>Source Files\Buffers</Filter>
    </ClCompile>
    <ClCompile Include="Source\amIndexBuffer.cpp">
      <Filter>Source Files\Buffers</Filter>
    </ClCompile>
    <ClCompile Include="Source\amVertexBuffer.cpp">
      <Filter>Source Files\Buffers</Filter>
    </ClCompile>
    <ClCompile Include="Source\amDepthStencilState.cpp">
      <Filter>Source Files\Renderer classes</Filter>
    </ClCompile>
    <ClCompile Include="Source\amRasterizerState.cpp">
      <Filter>Source Files\Renderer classes</Filter>
    </ClCompile>
    <ClCompile Include="Source\amSamplerState.cpp">
      <Filter>Source Files\Renderer classes</Filter>
    </ClCompile>
    <ClCompile Include="Source\amTexture.cpp">
      <Filter>Source Files\Resource classes</Filter>
    </ClCompile>
    <ClCompile Include="Source\amMaterial.cpp">
      <Filter>Source Files\Resource classes</Filter>
    </ClCompile>
    <ClCompile Include="Source\amModel.cpp">
      <Filter>Source Files\Resource classes</Filter>
    </ClCompile>
    <ClCompile Include="Source\amResource.cpp">
      <Filter>Source Files\Resource classes</Filter>
    </ClCompile>
    <ClCompile Include="Source\amMesh.cpp">
      <Filter>Source Files\Resource classes</Filter>
    </ClCompile>
    <ClCompile Include="Source\amCamera.cpp">
      <Filter>Source Files\Core</Filter>
    </ClCompile>
    <ClCompile Include="Source\amVertex.cpp">
      <Filter>Source Files\Core</Filter>
    </ClCompile>
    <ClCompile Include="Source\amWindow.cpp">
      <Filter>Source Files\Core</Filter>
    </ClCompile>
    <ClCompile Include="Source\amInputLayout.cpp">
      <Filter>Source Files\API classes</Filter>
    </ClCompile>
    <ClCompile Include="Source\amSwapChain.cpp">
      <Filter>Source Files\API classes</Filter>
    </ClCompile>
    <ClCompile Include="Source\amViewPort.cpp">
      <Filter>Source Files\API classes</Filter>
    </ClCompile>
    <ClCompile Include="Source\amBaseApp.cpp">
      <Filter>Source Files\API classes</Filter>
    </ClCompile>
    <ClCompile Include="Source\amCameraManager.cpp">
      <Filter>Source Files\Core\Core management</Filter>
    </ClCompile>
    <ClCompile Include="Source\amSceneGraph.cpp">
      <Filter>Source Files\Core\Core management</Filter>
    </ClCompile>
    <ClCompile Include="Source\amSceneNode.cpp">
      <Filter>Source Files\Core\Core management</Filter>
    </ClCompile>
    <ClCompile Include="Source\amTransform.cpp">
      <Filter>Source Files\Core\Components</Filter>
    </ClCompile>
    <ClCompile Include="Source\amGameObject.cpp">
      <Filter>Source Files\Core</Filter>
    </ClCompile>
    <ClCompile Include="Source\amVertexType.cpp">
      <Filter>Source Files\Core</Filter>
    </ClCompile>
    <ClCompile Include="Source\amRenderTarget.cpp">
      <Filter>Source Files\Renderer classes</Filter>
    </ClCompile>
    <ClCompile Include="Source\amComponent.cpp">
      <Filter>Source Files\Core\Components</Filter>
    </ClCompile>
    <ClCompile Include="Source\amStaticMesh.cpp">
      <Filter>Source Files\Core\Components</Filter>
    </ClCompile>
    <ClCompile Include="Source\amResourceManager.cpp">
      <Filter>Source Files\Core\Core management</Filter>
    </ClCompile>
    <ClCompile Include="Source\amDevice.cpp">
      <Filter>Source Files\API classes</Filter>
    </ClCompile>
    <ClCompile Include="Source\amDeviceContext.cpp">
      <Filter>Source Files\API classes</Filter>
    </ClCompile>
    <ClCompile Include="Source\amCameraComponent.cpp">
      <Filter>Source Files\Core\Components</Filter>
    </ClCompile>
    <ClCompile Include="Source\amRP_SSAO.cpp">
      <Filter>Source Files\Renderer classes\Render Passes</Filter>
    </ClCompile>
    <ClCompile Include="Source\amAnimationMesh.cpp">
      <Filter>Source Files\Resource classes</Filter>
    </ClCompile>
    <ClCompile Include="Source\amImage.cpp">
      <Filter>Source Files\Resource classes</Filter>
    </ClCompile>
    <ClCompile Include="Source\amBone.cpp">
      <Filter>Source Files\Resource classes</Filter>
    </ClCompile>
    <ClCompile Include="Source\amSkeletonMesh.cpp">
      <Filter>Source Files\Resource classes</Filter>
    </ClCompile>
    <ClCompile Include="Source\amBlob.cpp">
      <Filter>Source Files\Buffers</Filter>
    </ClCompile>
    <ClCompile Include="Source\amRenderPass.cpp">
      <Filter>Source Files\Renderer classes\Render Passes</Filter>
    </ClCompile>
    <ClCompile Include="Source\amGraphicsAPI.cpp">
      <Filter>Source Files\API classes</Filter>
    </ClCompile>
    <ClCompile Include="Source\amDepthStencilView.cpp">
      <Filter>Source Files\Shader Resources</Filter>
    </ClCompile>
    <ClCompile Include="Source\amRenderTargetView.cpp">
      <Filter>Source Files\Shader Resources</Filter>
    </ClCompile>
    <ClCompile Include="Source\amShaderResourceView.cpp">
      <Filter>Source Files\Shader Resources</Filter>
    </ClCompile>
    <ClCompile Include="Source\amUnorderedAccessResourceView.cpp">
      <Filter>Source Files\Shader Resources</Filter>
    </ClCompile>
    <ClCompile Include="Source\amView.cpp">
      <Filter>Source Files\Shader Resources</Filter>
    </ClCompile>
    <ClCompile Include="Source\amRP_GBuffer.cpp">
      <Filter>Source Files\Renderer classes\Render Passes</Filter>
    </ClCompile>
    <ClCompile Include="..\..\..\..\..\..\..\..\..\..\Development\imgui\imgui.cpp">
      <Filter>Source Files\Imgui</Filter>
    </ClCompile>
    <ClCompile Include="..\..\..\..\..\..\..\..\..\..\Development\imgui\imgui_demo.cpp">
      <Filter>Source Files\Imgui</Filter>
    </ClCompile>
    <ClCompile Include="..\..\..\..\..\..\..\..\..\..\Development\imgui\imgui_draw.cpp">
      <Filter>Source Files\Imgui</Filter>
    </ClCompile>
    <ClCompile Include="Source\amRenderManager.cpp">
      <Filter>Source Files\Renderer classes</Filter>
    </ClCompile>
    <ClCompile Include="Source\amSceneManager.cpp">
      <Filter>Source Files\Core\Core management</Filter>
    </ClCompile>
  </ItemGroup>
  <ItemGroup>
    <ClInclude Include="Include\amComputeShader.h">
      <Filter>Source Files\Shaders</Filter>
    </ClInclude>
    <ClInclude Include="Include\amGeomShader.h">
      <Filter>Source Files\Shaders</Filter>
    </ClInclude>
    <ClInclude Include="Include\amPixelShader.h">
      <Filter>Source Files\Shaders</Filter>
    </ClInclude>
    <ClInclude Include="Include\amShader.h">
      <Filter>Source Files\Shaders</Filter>
    </ClInclude>
    <ClInclude Include="Include\amTextureShader.h">
      <Filter>Source Files\Shaders</Filter>
    </ClInclude>
    <ClInclude Include="Include\amVertexShader.h">
      <Filter>Source Files\Shaders</Filter>
    </ClInclude>
    <ClInclude Include="Include\amConstantBuffer.h">
      <Filter>Source Files\Buffers</Filter>
    </ClInclude>
    <ClInclude Include="Include\amGraphicsBuffer.h">
      <Filter>Source Files\Buffers</Filter>
    </ClInclude>
    <ClInclude Include="Include\amIndexBuffer.h">
      <Filter>Source Files\Buffers</Filter>
    </ClInclude>
    <ClInclude Include="Include\amVertexBuffer.h">
      <Filter>Source Files\Buffers</Filter>
    </ClInclude>
    <ClInclude Include="Include\amDepthStencilState.h">
      <Filter>Source Files\Renderer classes</Filter>
    </ClInclude>
    <ClInclude Include="Include\amRasterizerState.h">
      <Filter>Source Files\Renderer classes</Filter>
    </ClInclude>
    <ClInclude Include="Include\amSamplerState.h">
      <Filter>Source Files\Renderer classes</Filter>
    </ClInclude>
    <ClInclude Include="Include\amPrerequisitesCore.h">
      <Filter>Source Files</Filter>
    </ClInclude>
    <ClInclude Include="Include\amTexture.h">
      <Filter>Source Files\Resource classes</Filter>
    </ClInclude>
    <ClInclude Include="Include\amMaterial.h">
      <Filter>Source Files\Resource classes</Filter>
    </ClInclude>
    <ClInclude Include="Include\amModel.h">
      <Filter>Source Files\Resource classes</Filter>
    </ClInclude>
    <ClInclude Include="Include\amResource.h">
      <Filter>Source Files\Resource classes</Filter>
    </ClInclude>
    <ClInclude Include="Include\amMesh.h">
      <Filter>Source Files\Resource classes</Filter>
    </ClInclude>
    <ClInclude Include="Include\amCamera.h">
      <Filter>Source Files\Core</Filter>
    </ClInclude>
    <ClInclude Include="Include\amWindow.h">
      <Filter>Source Files\Core</Filter>
    </ClInclude>
    <ClInclude Include="Include\amVertex.h">
      <Filter>Source Files\Core</Filter>
    </ClInclude>
    <ClInclude Include="Include\amSwapChain.h">
      <Filter>Source Files\API classes</Filter>
    </ClInclude>
    <ClInclude Include="Include\amInputLayout.h">
      <Filter>Source Files\API classes</Filter>
    </ClInclude>
    <ClInclude Include="Include\amViewPort.h">
      <Filter>Source Files\API classes</Filter>
    </ClInclude>
    <ClInclude Include="Include\amBaseApp.h">
      <Filter>Source Files\API classes</Filter>
    </ClInclude>
    <ClInclude Include="Include\amCameraManager.h">
      <Filter>Source Files\Core\Core management</Filter>
    </ClInclude>
    <ClInclude Include="Include\amSceneNode.h">
      <Filter>Source Files\Core\Core management</Filter>
    </ClInclude>
    <ClInclude Include="Include\amSceneGraph.h">
      <Filter>Source Files\Core\Core management</Filter>
    </ClInclude>
    <ClInclude Include="Include\amTransform.h">
      <Filter>Source Files\Core\Components</Filter>
    </ClInclude>
    <ClInclude Include="Include\amGameObject.h">
      <Filter>Source Files\Core</Filter>
    </ClInclude>
    <ClInclude Include="Include\amVertexType.h">
      <Filter>Source Files\Core</Filter>
    </ClInclude>
    <ClInclude Include="Include\amRenderTarget.h">
      <Filter>Source Files\Renderer classes</Filter>
    </ClInclude>
    <ClInclude Include="Include\amComponent.h">
      <Filter>Source Files\Core\Components</Filter>
    </ClInclude>
    <ClInclude Include="Include\amStaticMesh.h">
      <Filter>Source Files\Core\Components</Filter>
    </ClInclude>
    <ClInclude Include="Include\amResourceManager.h">
      <Filter>Source Files\Core\Core management</Filter>
    </ClInclude>
    <ClInclude Include="Include\amDevice.h">
      <Filter>Source Files\API classes</Filter>
    </ClInclude>
    <ClInclude Include="Include\amDeviceContext.h">
      <Filter>Source Files\API classes</Filter>
    </ClInclude>
    <ClInclude Include="Include\amCameraComponent.h">
      <Filter>Source Files\Core\Components</Filter>
    </ClInclude>
    <ClInclude Include="Include\amRP_SSAO.h">
      <Filter>Source Files\Renderer classes\Render Passes</Filter>
    </ClInclude>
    <ClInclude Include="Include\amAnimationMesh.h">
      <Filter>Source Files\Resource classes</Filter>
    </ClInclude>
    <ClInclude Include="Include\amImage.h">
      <Filter>Source Files\Resource classes</Filter>
    </ClInclude>
    <ClInclude Include="Include\amBone.h">
      <Filter>Source Files\Resource classes</Filter>
    </ClInclude>
    <ClInclude Include="Include\amSkeletonMesh.h">
      <Filter>Source Files\Resource classes</Filter>
    </ClInclude>
    <ClInclude Include="Include\amBlob.h">
      <Filter>Source Files\Buffers</Filter>
    </ClInclude>
    <ClInclude Include="Include\amRenderPass.h">
      <Filter>Source Files\Renderer classes\Render Passes</Filter>
    </ClInclude>
    <ClInclude Include="Include\amGraphicsAPI.h">
      <Filter>Source Files\API classes</Filter>
    </ClInclude>
    <ClInclude Include="Include\amDepthStencilView.h">
      <Filter>Source Files\Shader Resources</Filter>
    </ClInclude>
    <ClInclude Include="Include\amRenderTargetView.h">
      <Filter>Source Files\Shader Resources</Filter>
    </ClInclude>
    <ClInclude Include="Include\amShaderResourceView.h">
      <Filter>Source Files\Shader Resources</Filter>
    </ClInclude>
    <ClInclude Include="Include\amUnorderedAccessResourceView.h">
      <Filter>Source Files\Shader Resources</Filter>
    </ClInclude>
    <ClInclude Include="Include\amView.h">
      <Filter>Source Files\Shader Resources</Filter>
    </ClInclude>
    <ClInclude Include="Include\amRP_GBuffer.h">
      <Filter>Source Files\Renderer classes\Render Passes</Filter>
    </ClInclude>
    <ClInclude Include="..\..\..\..\..\..\..\..\..\..\Development\imgui\imconfig.h">
      <Filter>Source Files\Imgui</Filter>
    </ClInclude>
    <ClInclude Include="..\..\..\..\..\..\..\..\..\..\Development\imgui\imgui.h">
      <Filter>Source Files\Imgui</Filter>
    </ClInclude>
    <ClInclude Include="..\..\..\..\..\..\..\..\..\..\Development\imgui\imgui_internal.h">
      <Filter>Source Files\Imgui</Filter>
    </ClInclude>
    <ClInclude Include="Include\amRenderManager.h">
      <Filter>Source Files\Renderer classes</Filter>
    </ClInclude>
    <ClInclude Include="Include\amSceneManager.h">
      <Filter>Source Files\Core\Core management</Filter>
    </ClInclude>
  </ItemGroup>
</Project>